# Omni AGI Python 3.11 release lock for windows-x86_64.
# Direct runtime packages, their complete reviewed target-specific transitive
# closure, and PyInstaller are exact. Each hash selects one binary wheel.
--require-hashes
--only-binary=:all:
--index-url https://pypi.org/simple
--extra-index-url https://download.pytorch.org/whl/cpu

altgraph==0.17.5 --hash=sha256:f3a22400bce1b0c701683820ac4f3b159cd301acab067c51c653e06961600597
cffi==2.1.1 --hash=sha256:42f6930c31dc7f50732c9ae793c2786c7b6b044195967bbdde40bb9be81c4cc0
filelock==3.29.0 --hash=sha256:96f5f6344709aa1572bbf631c640e4ebeeb519e08da902c39a001882f30ac258
fsspec==2026.7.0 --hash=sha256:b57ddbafedfaef7018c1ecab32aa200a9d7ca26b77965f64e48b70061249d279
ijson==3.4.0.post0 --hash=sha256:b39dbf87071f23a23c8077eea2ae7cfeeca9ff9ffec722dfc8b5f352e4dd729c
imageio==2.37.2 --hash=sha256:ad9adfb20335d718c03de457358ed69f141021a333c40a53e57273d8a5bd0b9b
imageio-ffmpeg==0.6.0 --hash=sha256:02fa47c83703c37df6bfe4896aab339013f62bf02c5ebf2dce6da56af04ffc0a
jinja2==3.1.6 --hash=sha256:85ece4451f492d0c13c5dd7c13a64681a86afae63a5f347908daf103ce6d2f67
markupsafe==3.0.3 --hash=sha256:de8a88e63464af587c950061a5e6a67d3632e36df62b986892331d4620a35c01
mpmath==1.3.0 --hash=sha256:a0b2b9fe80bbcd81a6647ff13108738cfb482d481d826cc0e02f5b35e5c88d2c
networkx==3.4.2 --hash=sha256:df5d4365b724cf81b8c6a7312509d0c22386097011ad1abe274afd5e9d3bbc5f
numpy==2.2.6 --hash=sha256:e8213002e427c69c45a52bbd94163084025f533a55a59d6f9c5b820774ef3303
packaging==26.3 --hash=sha256:d7193f7c8e4e93f444fde0262bf90af30e16fa0ad0ad44cb553c87339b23cd1c
pefile==2024.8.26 --hash=sha256:76f8b485dcd3b1bb8166f1128d395fa3d87af26360c2358fb75b80019b957c6f
pillow==12.3.0 --hash=sha256:8e95e1385e4998ae9694eeaa4730ba5457ff61185b3a55e2e7bea0880aef452a
psutil==7.2.2 --hash=sha256:eb7e81434c8d223ec4a219b5fc1c47d0417b12be7ea866e24fb5ad6e84b3d988
pyarrow==22.0.0 --hash=sha256:ec5d40dd494882704fb876c16fa7261a69791e784ae34e6b5992e977bd2e238c
pycparser==3.0 --hash=sha256:b727414169a36b7d524c1c3e31839a521725078d7b2ff038656844266160a992
pyinstaller==6.21.0 --hash=sha256:7fae06c494ce0ebfe6bd3055c0e409def884f63af2e3705d06bd431ad9237fc7
pyinstaller-hooks-contrib==2026.6 --hash=sha256:fd13b8ac126b35361175edacd41a0d97080b75dd5f4b594ecefefff969509dd3
pypdf==6.6.2 --hash=sha256:44c0c9811cfb3b83b28f1c3d054531d5b8b81abaedee0d8cb403650d023832ba
pywin32-ctypes==0.2.3 --hash=sha256:8a1513379d709975552d202d942d9837758905c8d01eb82b8bcc30918929e7b8
safetensors==0.8.0 --hash=sha256:096ec1a98435df7beb08853bb5aa9081a84f23d0adc67ed1a0a10550f608373f
setuptools==84.0.0 --hash=sha256:51a52592b3b99e102b609654876bd65f19f999935166d1352678931132b0c670
soundfile==0.13.1 --hash=sha256:1e70a05a0626524a69e9f0f4dd2ec174b4e9567f4d8b6c11d38b5c289be36ee9
sympy==1.14.0 --hash=sha256:e091cc3e99d2141a0ba2847328f5479b05d94a6635cb96148ccb3f34671bd8f5
torch==2.10.0+cpu --hash=sha256:17a09465bab2aab8f0f273410297133d8d8fb6dd84dccbd252ca4a4f3a111847
typing-extensions==4.15.0 --hash=sha256:f0fa19c6845758ab08074a0cfa8b7aecb71c999ca73d62883bc25cc018c4e548
